
Microsoft Visual Studio Solution File, Format Version 12.00
# Visual Studio Version 17
VisualStudioVersion = 17.9.34622.214
MinimumVisualStudioVersion = 10.0.40219.1
Project("{FAE04EC0-301F-11D3-BF4B-00C04F79EFBC}") = "PugliaMia", "PugliaMia\PugliaMia.csproj", "{2475F68D-958E-48A3-990F-1F23BDD71908}"
EndProject
Global
	GlobalSection(SolutionConfigurationPlatforms) = preSolution
		Debug|Any CPU = Debug|Any CPU
		Release|Any CPU = Release|Any CPU
	EndGlobalSection
	GlobalSection(ProjectConfigurationPlatforms) = postSolution
		{2475F68D-958E-48A3-990F-1F23BDD71908}.Debug|Any CPU.ActiveCfg = Debug|Any CPU
		{2475F68D-958E-48A3-990F-1F23BDD71908}.Debug|Any CPU.Build.0 = Debug|Any CPU
		{2475F68D-958E-48A3-990F-1F23BDD71908}.Release|Any CPU.ActiveCfg = Release|Any CPU
		{2475F68D-958E-48A3-990F-1F23BDD71908}.Release|Any CPU.Build.0 = Release|Any CPU
	EndGlobalSection
	GlobalSection(SolutionProperties) = preSolution
		HideSolutionNode = FALSE
	EndGlobalSection
	GlobalSection(ExtensibilityGlobals) = postSolution
		SolutionGuid = {CDC6A2CC-8BEC-448F-8E37-92FD5CE27309}
	EndGlobalSection
EndGlobal
